
Microsoft Visual Studio Solution File, Format Version 12.00
# Visual Studio Version 17
VisualStudioVersion = 17.2.32630.192
MinimumVisualStudioVersion = 10.0.40219.1
Project("{9A19103F-16F7-4668-BE54-9A1E7A4F7556}") = "Shift.Cli", "Shift.Cli\Shift.Cli.csproj", "{E1B93B37-AC05-424A-A0D5-823D7923706E}"
EndProject
Project("{9A19103F-16F7-4668-BE54-9A1E7A4F7556}") = "Shift.Core", "Shift.Core\Shift.Core.csproj", "{9AEF490F-036B-432C-BAAC-C420B270797E}"
EndProject
Project("{9A19103F-16F7-4668-BE54-9A1E7A4F7556}") = "Shift.Plugins.Common", "Shift.Plugins.Common\Shift.Plugins.Common.csproj", "{A63F6D48-F391-4141-8FD5-A7557A72E323}"
EndProject
Project("{FAE04EC0-301F-11D3-BF4B-00C04F79EFBC}") = "Shift.UnitTests", "Shift.UnitTests\Shift.UnitTests.csproj", "{9346E765-BD33-4FED-88B4-11D28A53D1B3}"
EndProject
Global
	GlobalSection(SolutionConfigurationPlatforms) = preSolution
		Debug|Any CPU = Debug|Any CPU
		Release|Any CPU = Release|Any CPU
	EndGlobalSection
	GlobalSection(ProjectConfigurationPlatforms) = postSolution
		{E1B93B37-AC05-424A-A0D5-823D7923706E}.Debug|Any CPU.ActiveCfg = Debug|Any CPU
		{E1B93B37-AC05-424A-A0D5-823D7923706E}.Debug|Any CPU.Build.0 = Debug|Any CPU
		{E1B93B37-AC05-424A-A0D5-823D7923706E}.Release|Any CPU.ActiveCfg = Release|Any CPU
		{E1B93B37-AC05-424A-A0D5-823D7923706E}.Release|Any CPU.Build.0 = Release|Any CPU
		{9AEF490F-036B-432C-BAAC-C420B270797E}.Debug|Any CPU.ActiveCfg = Debug|Any CPU
		{9AEF490F-036B-432C-BAAC-C420B270797E}.Debug|Any CPU.Build.0 = Debug|Any CPU
		{9AEF490F-036B-432C-BAAC-C420B270797E}.Release|Any CPU.ActiveCfg = Release|Any CPU
		{9AEF490F-036B-432C-BAAC-C420B270797E}.Release|Any CPU.Build.0 = Release|Any CPU
		{A63F6D48-F391-4141-8FD5-A7557A72E323}.Debug|Any CPU.ActiveCfg = Debug|Any CPU
		{A63F6D48-F391-4141-8FD5-A7557A72E323}.Debug|Any CPU.Build.0 = Debug|Any CPU
		{A63F6D48-F391-4141-8FD5-A7557A72E323}.Release|Any CPU.ActiveCfg = Release|Any CPU
		{A63F6D48-F391-4141-8FD5-A7557A72E323}.Release|Any CPU.Build.0 = Release|Any CPU
		{9346E765-BD33-4FED-88B4-11D28A53D1B3}.Debug|Any CPU.ActiveCfg = Debug|Any CPU
		{9346E765-BD33-4FED-88B4-11D28A53D1B3}.Debug|Any CPU.Build.0 = Debug|Any CPU
		{9346E765-BD33-4FED-88B4-11D28A53D1B3}.Release|Any CPU.ActiveCfg = Release|Any CPU
		{9346E765-BD33-4FED-88B4-11D28A53D1B3}.Release|Any CPU.Build.0 = Release|Any CPU
	EndGlobalSection
	GlobalSection(SolutionProperties) = preSolution
		HideSolutionNode = FALSE
	EndGlobalSection
	GlobalSection(ExtensibilityGlobals) = postSolution
		SolutionGuid = {7C4B0553-7EF4-4046-A81C-47CCBB33D9A4}
	EndGlobalSection
EndGlobal
